{
  "name": "@xianlinyi/agent-memory",
  "version": "0.1.7",
  "lockfileVersion": 3,
  "requires": true,
  "packages": {
    "": {
      "name": "@xianlinyi/agent-memory",
      "version": "0.1.7",
      "license": "MIT",
      "dependencies": {
        "@github/copilot-sdk": "^0.2.2"
      },
      "bin": {
        "amem": "dist/src/cli/index.js"
      },
      "devDependencies": {
        "@types/node": "^22.15.0",
        "typescript": "^5.8.0"
      },
      "engines": {
        "node": ">=24.15.0"
      }
    },
    "node_modules/@github/copilot": {
      "version": "1.0.31",
      "resolved": "https://registry.npmjs.org/@github/copilot/-/copilot-1.0.31.tgz",
      "integrity": "sha512-AfoVW9pHsKQGtLCpPcvQ8TOwBVF8meo5srle/8cqRSsx882CpIQx5C4uNs6zwrCtqMTo8M8D6zlDIbXkLudrXw==",
      "license": "SEE LICENSE IN LICENSE.md",
      "bin": {
        "copilot": "npm-loader.js"
      },
      "optionalDependencies": {
        "@github/copilot-darwin-arm64": "1.0.31",
        "@github/copilot-darwin-x64": "1.0.31",
        "@github/copilot-linux-arm64": "1.0.31",
        "@github/copilot-linux-x64": "1.0.31",
        "@github/copilot-win32-arm64": "1.0.31",
        "@github/copilot-win32-x64": "1.0.31"
      }
    },
    "node_modules/@github/copilot-darwin-arm64": {
      "version": "1.0.31",
      "resolved": "https://registry.npmjs.org/@github/copilot-darwin-arm64/-/copilot-darwin-arm64-1.0.31.tgz",
      "integrity": "sha512-DnAbe87U55/egBu/SFdMniQfhnYjfP3ZXXhrba3DZMXQI+91iRAGfPFKAsSlekl0zfNFw8toOkiafr9Hu2lHvA==",
      "cpu": [
        "arm64"
      ],
      "license": "SEE LICENSE IN LICENSE.md",
      "optional": true,
      "os": [
        "darwin"
      ],
      "bin": {
        "copilot-darwin-arm64": "copilot"
      }
    },
    "node_modules/@github/copilot-darwin-x64": {
      "version": "1.0.31",
      "resolved": "https://registry.npmjs.org/@github/copilot-darwin-x64/-/copilot-darwin-x64-1.0.31.tgz",
      "integrity": "sha512-mFmuYT3N1JE3zRIwCAPaXGDstL8Npa62Jey3vT4Lo003NfzQrBzvZ4ObAVMTmFQ6pRZzj39rTTKp1vLYGg+K0w==",
      "cpu": [
        "x64"
      ],
      "license": "SEE LICENSE IN LICENSE.md",
      "optional": true,
      "os": [
        "darwin"
      ],
      "bin": {
        "copilot-darwin-x64": "copilot"
      }
    },
    "node_modules/@github/copilot-linux-arm64": {
      "version": "1.0.31",
      "resolved": "https://registry.npmjs.org/@github/copilot-linux-arm64/-/copilot-linux-arm64-1.0.31.tgz",
      "integrity": "sha512-R5V7EIqn92f9YMe3zbQkW++Mw8WErDy6hA8Rr95bSJGiTVyWdj5kqPWSAPH6MLjFbC1T5cJQm/1we+QP3XO3Cw==",
      "cpu": [
        "arm64"
      ],
      "license": "SEE LICENSE IN LICENSE.md",
      "optional": true,
      "os": [
        "linux"
      ],
      "bin": {
        "copilot-linux-arm64": "copilot"
      }
    },
    "node_modules/@github/copilot-linux-x64": {
      "version": "1.0.31",
      "resolved": "https://registry.npmjs.org/@github/copilot-linux-x64/-/copilot-linux-x64-1.0.31.tgz",
      "integrity": "sha512-LmcCGmYP9QLim/YMu5e1UlVeqCt/cuMI0fIqkdHs68h+0FGreSnHpn7nA9RbjAbQuPq9HFWeFjG5UpbAHM71Xg==",
      "cpu": [
        "x64"
      ],
      "license": "SEE LICENSE IN LICENSE.md",
      "optional": true,
      "os": [
        "linux"
      ],
      "bin": {
        "copilot-linux-x64": "copilot"
      }
    },
    "node_modules/@github/copilot-sdk": {
      "version": "0.2.2",
      "resolved": "https://registry.npmjs.org/@github/copilot-sdk/-/copilot-sdk-0.2.2.tgz",
      "integrity": "sha512-VZCqS08YlUM90bUKJ7VLeIxgTTEHtfXBo84T1IUMNvXRREX2csjPH6Z+CPw3S2468RcCLvzBXcc9LtJJTLIWFw==",
      "license": "MIT",
      "dependencies": {
        "@github/copilot": "^1.0.21",
        "vscode-jsonrpc": "^8.2.1",
        "zod": "^4.3.6"
      },
      "engines": {
        "node": ">=20.0.0"
      }
    },
    "node_modules/@github/copilot-win32-arm64": {
      "version": "1.0.31",
      "resolved": "https://registry.npmjs.org/@github/copilot-win32-arm64/-/copilot-win32-arm64-1.0.31.tgz",
      "integrity": "sha512-OlMPsQYFbl1hzrE0t703BwB9k8lQauQ4ETiiKpXSV4FxUb3DAU9PqWcy1pZoBjmLCni9h1ASQQKmPQ9ERJPm3g==",
      "cpu": [
        "arm64"
      ],
      "license": "SEE LICENSE IN LICENSE.md",
      "optional": true,
      "os": [
        "win32"
      ],
      "bin": {
        "copilot-win32-arm64": "copilot.exe"
      }
    },
    "node_modules/@github/copilot-win32-x64": {
      "version": "1.0.31",
      "resolved": "https://registry.npmjs.org/@github/copilot-win32-x64/-/copilot-win32-x64-1.0.31.tgz",
      "integrity": "sha512-nK8uRdlKH6TNk1cjBqEPTvzWQxwnDPgNN3M5bB7TBXL6EsaFdUJePz4tqutUPoPbSKQqo+DtmJGT3/+A30ZcXg==",
      "cpu": [
        "x64"
      ],
      "license": "SEE LICENSE IN LICENSE.md",
      "optional": true,
      "os": [
        "win32"
      ],
      "bin": {
        "copilot-win32-x64": "copilot.exe"
      }
    },
    "node_modules/@types/node": {
      "version": "22.19.17",
      "resolved": "https://registry.npmjs.org/@types/node/-/node-22.19.17.tgz",
      "integrity": "sha512-wGdMcf+vPYM6jikpS/qhg6WiqSV/OhG+jeeHT/KlVqxYfD40iYJf9/AE1uQxVWFvU7MipKRkRv8NSHiCGgPr8Q==",
      "dev": true,
      "license": "MIT",
      "dependencies": {
        "undici-types": "~6.21.0"
      }
    },
    "node_modules/typescript": {
      "version": "5.9.3",
      "resolved": "https://registry.npmjs.org/typescript/-/typescript-5.9.3.tgz",
      "integrity": "sha512-jl1vZzPDinLr9eUt3J/t7V6FgNEw9QjvBPdysz9KfQDD41fQrC2Y4vKQdiaUpFT4bXlb1RHhLpp8wtm6M5TgSw==",
      "dev": true,
      "license": "Apache-2.0",
      "bin": {
        "tsc": "bin/tsc",
        "tsserver": "bin/tsserver"
      },
      "engines": {
        "node": ">=14.17"
      }
    },
    "node_modules/undici-types": {
      "version": "6.21.0",
      "resolved": "https://registry.npmjs.org/undici-types/-/undici-types-6.21.0.tgz",
      "integrity": "sha512-iwDZqg0QAGrg9Rav5H4n0M64c3mkR59cJ6wQp+7C4nI0gsmExaedaYLNO44eT4AtBBwjbTiGPMlt2Md0T9H9JQ==",
      "dev": true,
      "license": "MIT"
    },
    "node_modules/vscode-jsonrpc": {
      "version": "8.2.1",
      "resolved": "https://registry.npmjs.org/vscode-jsonrpc/-/vscode-jsonrpc-8.2.1.tgz",
      "integrity": "sha512-kdjOSJ2lLIn7r1rtrMbbNCHjyMPfRnowdKjBQ+mGq6NAW5QY2bEZC/khaC5OR8svbbjvLEaIXkOq45e2X9BIbQ==",
      "license": "MIT",
      "engines": {
        "node": ">=14.0.0"
      }
    },
    "node_modules/zod": {
      "version": "4.3.6",
      "resolved": "https://registry.npmjs.org/zod/-/zod-4.3.6.tgz",
      "integrity": "sha512-rftlrkhHZOcjDwkGlnUtZZkvaPHCsDATp4pGpuOOMDaTdDDXF91wuVDJoWoPsKX/3YPQ5fHuF3STjcYyKr+Qhg==",
      "license": "MIT",
      "funding": {
        "url": "https://github.com/sponsors/colinhacks"
      }
    }
  }
}
